Microsoft Visual Studio Solution File, Format Version 12.00
# Visual Studio Version 17
VisualStudioVersion = 17.0.31903.59
MinimumVisualStudioVersion = 10.0.40219.1
Project("{FAE04EC0-301F-11D3-BF4B-00C04F79EFBC}") = "FilenameSearch.Core", "src\FilenameSearch.Core\FilenameSearch.Core.csproj", "{B84FB0CD-54D2-41D1-89A4-9CEFD0086348}"
EndProject
Project("{FAE04EC0-301F-11D3-BF4B-00C04F79EFBC}") = "FilenameSearch.RouteC", "src\FilenameSearch.RouteC\FilenameSearch.RouteC.csproj", "{E99456B0-ECA3-4006-AC4B-D0401A7D6CC2}"
EndProject
Project("{FAE04EC0-301F-11D3-BF4B-00C04F79EFBC}") = "FilenameSearch", "src\FilenameSearch\FilenameSearch.csproj", "{EC613D86-27D8-4499-B994-60F2EC15708B}"
EndProject
Project("{FAE04EC0-301F-11D3-BF4B-00C04F79EFBC}") = "FilenameSearch.Gui", "src\FilenameSearch.Gui\FilenameSearch.Gui.csproj", "{16B93CDE-6261-4D31-B3E2-D0DDD25FA976}"
EndProject
Project("{FAE04EC0-301F-11D3-BF4B-00C04F79EFBC}") = "FilenameSearch.Tests", "tests\FilenameSearch.Tests\FilenameSearch.Tests.csproj", "{EEA2BD3A-A23E-42FD-B910-0D787EF47CCF}"
EndProject
Project("{FAE04EC0-301F-11D3-BF4B-00C04F79EFBC}") = "FilenameSearch.Gui.Tests", "tests\FilenameSearch.Gui.Tests\FilenameSearch.Gui.Tests.csproj", "{A82465BD-9688-40BA-8198-42F26E6694DF}"
EndProject
Project("{FAE04EC0-301F-11D3-BF4B-00C04F79EFBC}") = "FilenameSearch.E2E", "tests\FilenameSearch.E2E\FilenameSearch.E2E.csproj", "{352CBAAF-8145-4066-87DD-AEF8EA01BA36}"
EndProject
Project("{FAE04EC0-301F-11D3-BF4B-00C04F79EFBC}") = "FilenameSearch.Idle", "tests\FilenameSearch.Idle\FilenameSearch.Idle.csproj", "{94A69008-57F9-4FCA-9CE3-18A243D64353}"
EndProject
Global
	GlobalSection(SolutionConfigurationPlatforms) = preSolution
		Debug|Any CPU = Debug|Any CPU
		Release|Any CPU = Release|Any CPU
	EndGlobalSection
	GlobalSection(ProjectConfigurationPlatforms) = postSolution
		{B84FB0CD-54D2-41D1-89A4-9CEFD0086348}.Debug|Any CPU.ActiveCfg = Debug|Any CPU
		{B84FB0CD-54D2-41D1-89A4-9CEFD0086348}.Debug|Any CPU.Build.0 = Debug|Any CPU
		{B84FB0CD-54D2-41D1-89A4-9CEFD0086348}.Release|Any CPU.ActiveCfg = Release|Any CPU
		{B84FB0CD-54D2-41D1-89A4-9CEFD0086348}.Release|Any CPU.Build.0 = Release|Any CPU
		{E99456B0-ECA3-4006-AC4B-D0401A7D6CC2}.Debug|Any CPU.ActiveCfg = Debug|Any CPU
		{E99456B0-ECA3-4006-AC4B-D0401A7D6CC2}.Debug|Any CPU.Build.0 = Debug|Any CPU
		{E99456B0-ECA3-4006-AC4B-D0401A7D6CC2}.Release|Any CPU.ActiveCfg = Release|Any CPU
		{E99456B0-ECA3-4006-AC4B-D0401A7D6CC2}.Release|Any CPU.Build.0 = Release|Any CPU
		{EC613D86-27D8-4499-B994-60F2EC15708B}.Debug|Any CPU.ActiveCfg = Debug|Any CPU
		{EC613D86-27D8-4499-B994-60F2EC15708B}.Debug|Any CPU.Build.0 = Debug|Any CPU
		{EC613D86-27D8-4499-B994-60F2EC15708B}.Release|Any CPU.ActiveCfg = Release|Any CPU
		{EC613D86-27D8-4499-B994-60F2EC15708B}.Release|Any CPU.Build.0 = Release|Any CPU
		{16B93CDE-6261-4D31-B3E2-D0DDD25FA976}.Debug|Any CPU.ActiveCfg = Debug|Any CPU
		{16B93CDE-6261-4D31-B3E2-D0DDD25FA976}.Debug|Any CPU.Build.0 = Debug|Any CPU
		{16B93CDE-6261-4D31-B3E2-D0DDD25FA976}.Release|Any CPU.ActiveCfg = Release|Any CPU
		{16B93CDE-6261-4D31-B3E2-D0DDD25FA976}.Release|Any CPU.Build.0 = Release|Any CPU
		{EEA2BD3A-A23E-42FD-B910-0D787EF47CCF}.Debug|Any CPU.ActiveCfg = Debug|Any CPU
		{EEA2BD3A-A23E-42FD-B910-0D787EF47CCF}.Debug|Any CPU.Build.0 = Debug|Any CPU
		{EEA2BD3A-A23E-42FD-B910-0D787EF47CCF}.Release|Any CPU.ActiveCfg = Release|Any CPU
		{EEA2BD3A-A23E-42FD-B910-0D787EF47CCF}.Release|Any CPU.Build.0 = Release|Any CPU
		{A82465BD-9688-40BA-8198-42F26E6694DF}.Debug|Any CPU.ActiveCfg = Debug|Any CPU
		{A82465BD-9688-40BA-8198-42F26E6694DF}.Debug|Any CPU.Build.0 = Debug|Any CPU
		{A82465BD-9688-40BA-8198-42F26E6694DF}.Release|Any CPU.ActiveCfg = Release|Any CPU
		{A82465BD-9688-40BA-8198-42F26E6694DF}.Release|Any CPU.Build.0 = Release|Any CPU
		{352CBAAF-8145-4066-87DD-AEF8EA01BA36}.Debug|Any CPU.ActiveCfg = Debug|Any CPU
		{352CBAAF-8145-4066-87DD-AEF8EA01BA36}.Debug|Any CPU.Build.0 = Debug|Any CPU
		{352CBAAF-8145-4066-87DD-AEF8EA01BA36}.Release|Any CPU.ActiveCfg = Release|Any CPU
		{352CBAAF-8145-4066-87DD-AEF8EA01BA36}.Release|Any CPU.Build.0 = Release|Any CPU
		{94A69008-57F9-4FCA-9CE3-18A243D64353}.Debug|Any CPU.ActiveCfg = Debug|Any CPU
		{94A69008-57F9-4FCA-9CE3-18A243D64353}.Debug|Any CPU.Build.0 = Debug|Any CPU
		{94A69008-57F9-4FCA-9CE3-18A243D64353}.Release|Any CPU.ActiveCfg = Release|Any CPU
		{94A69008-57F9-4FCA-9CE3-18A243D64353}.Release|Any CPU.Build.0 = Release|Any CPU
	EndGlobalSection
	GlobalSection(SolutionProperties) = preSolution
		HideSolutionNode = FALSE
	EndGlobalSection
EndGlobal
